
Microsoft Visual Studio Solution File, Format Version 12.00
# Visual Studio Version 16
VisualStudioVersion = 16.0.32228.547
MinimumVisualStudioVersion = 10.0.40219.1
Project("{FAE04EC0-301F-11D3-BF4B-00C04F79EFBC}") = "Static banding ya Compile time polymorphism", "Static banding ya Compile time polymorphism\Static banding ya Compile time polymorphism.csproj", "{142036D4-5F5A-4C29-AD9A-2FA4367506A0}"
EndProject
Global
	GlobalSection(SolutionConfigurationPlatforms) = preSolution
		Debug|Any CPU = Debug|Any CPU
		Release|Any CPU = Release|Any CPU
	EndGlobalSection
	GlobalSection(ProjectConfigurationPlatforms) = postSolution
		{142036D4-5F5A-4C29-AD9A-2FA4367506A0}.Debug|Any CPU.ActiveCfg = Debug|Any CPU
		{142036D4-5F5A-4C29-AD9A-2FA4367506A0}.Debug|Any CPU.Build.0 = Debug|Any CPU
		{142036D4-5F5A-4C29-AD9A-2FA4367506A0}.Release|Any CPU.ActiveCfg = Release|Any CPU
		{142036D4-5F5A-4C29-AD9A-2FA4367506A0}.Release|Any CPU.Build.0 = Release|Any CPU
	EndGlobalSection
	GlobalSection(SolutionProperties) = preSolution
		HideSolutionNode = FALSE
	EndGlobalSection
	GlobalSection(ExtensibilityGlobals) = postSolution
		SolutionGuid = {0728064E-5C4C-4046-8BBF-FB76CF32775C}
	EndGlobalSection
EndGlobal
